<?xml version="1.0" encoding="utf-8"?>
<Project ToolsVersion="4.0" xmlns="http://schemas.microsoft.com/developer/msbuild/2003">
  <ItemGroup>
    <Filter Include="Source Files">
      <UniqueIdentifier>{4FC737F1-C7A5-4376-A066-2A32D752A2FF}</UniqueIdentifier>
      <Extensions>cpp;cxx;c;def</Extensions>
    </Filter>
    <Filter Include="Header Files">
      <UniqueIdentifier>{93995380-89BD-4b04-88EB-625FBE52EBFB}</UniqueIdentifier>
      <Extensions>h</Extensions>
    </Filter>
    <Filter Include="Form Files">
      <UniqueIdentifier>{99349809-55BA-4b9d-BF79-8FDBB0286EB3}</UniqueIdentifier>
      <Extensions>ui</Extensions>
    </Filter>
    <Filter Include="Resource Files">
      <UniqueIdentifier>{D9D6E242-F8AF-46E4-B9FD-80ECBC20BA3E}</UniqueIdentifier>
      <Extensions>qrc;*</Extensions>
      <ParseFiles>false</ParseFiles>
    </Filter>
    <Filter Include="Generated Files">
      <UniqueIdentifier>{71ED8ED8-ACB9-4CE9-BBE1-E00B30144E11}</UniqueIdentifier>
      <Extensions>moc;h;cpp</Extensions>
      <SourceControlFiles>False</SourceControlFiles>
    </Filter>
    <Filter Include="Generated Files\Debug">
      <UniqueIdentifier>{4d0ba61f-3508-4cb5-a58f-24458f553ca8}</UniqueIdentifier>
      <Extensions>cpp;moc</Extensions>
      <SourceControlFiles>False</SourceControlFiles>
    </Filter>
    <Filter Include="Generated Files\Release">
      <UniqueIdentifier>{b1371cf4-f180-469e-9908-5d14a270c516}</UniqueIdentifier>
      <Extensions>cpp;moc</Extensions>
      <SourceControlFiles>False</SourceControlFiles>
    </Filter>
  </ItemGroup>
  <ItemGroup>
    <ClCompile Include="main.cpp">
      <Filter>Source Files</Filter>
    </ClCompile>
    <ClCompile Include="sip_client.cpp">
      <Filter>Source Files</Filter>
    </ClCompile>
    <ClCompile Include="GeneratedFiles\Debug\moc_sip_client.cpp">
      <Filter>Generated Files\Debug</Filter>
    </ClCompile>
    <ClCompile Include="GeneratedFiles\Release\moc_sip_client.cpp">
      <Filter>Generated Files\Release</Filter>
    </ClCompile>
    <ClCompile Include="GeneratedFiles\qrc_sip_client.cpp">
      <Filter>Generated Files</Filter>
    </ClCompile>
    <ClCompile Include="register_dialog.cpp">
      <Filter>Source Files</Filter>
    </ClCompile>
    <ClCompile Include="GeneratedFiles\Debug\moc_register_dialog.cpp">
      <Filter>Generated Files\Debug</Filter>
    </ClCompile>
    <ClCompile Include="GeneratedFiles\Release\moc_register_dialog.cpp">
      <Filter>Generated Files\Release</Filter>
    </ClCompile>
    <ClCompile Include="GeneratedFiles\Debug\moc_tool_widget.cpp">
      <Filter>Generated Files\Debug</Filter>
    </ClCompile>
    <ClCompile Include="GeneratedFiles\Release\moc_tool_widget.cpp">
      <Filter>Generated Files\Release</Filter>
    </ClCompile>
    <ClCompile Include="tool_widget.cpp">
      <Filter>Source Files</Filter>
    </ClCompile>
    <ClCompile Include="sip_network.cpp">
      <Filter>Source Files</Filter>
    </ClCompile>
    <ClCompile Include="GeneratedFiles\Debug\moc_sip_network.cpp">
      <Filter>Generated Files\Debug</Filter>
    </ClCompile>
    <ClCompile Include="GeneratedFiles\Release\moc_sip_network.cpp">
      <Filter>Generated Files\Release</Filter>
    </ClCompile>
    <ClCompile Include="callback.cpp">
      <Filter>Source Files</Filter>
    </ClCompile>
    <ClCompile Include="GeneratedFiles\Debug\moc_callback.cpp">
      <Filter>Generated Files\Debug</Filter>
    </ClCompile>
    <ClCompile Include="GeneratedFiles\Release\moc_callback.cpp">
      <Filter>Generated Files\Release</Filter>
    </ClCompile>
    <ClCompile Include="chat_intetface.cpp">
      <Filter>Source Files</Filter>
    </ClCompile>
    <ClCompile Include="GeneratedFiles\Debug\moc_chat_intetface.cpp">
      <Filter>Generated Files\Debug</Filter>
    </ClCompile>
    <ClCompile Include="GeneratedFiles\Release\moc_chat_intetface.cpp">
      <Filter>Generated Files\Release</Filter>
    </ClCompile>
    <ClCompile Include="widgetitem.cpp">
      <Filter>Source Files</Filter>
    </ClCompile>
    <ClCompile Include="GeneratedFiles\Debug\moc_widgetitem.cpp">
      <Filter>Generated Files\Debug</Filter>
    </ClCompile>
    <ClCompile Include="GeneratedFiles\Release\moc_widgetitem.cpp">
      <Filter>Generated Files\Release</Filter>
    </ClCompile>
    <ClCompile Include="add_concat.cpp">
      <Filter>Source Files</Filter>
    </ClCompile>
    <ClCompile Include="GeneratedFiles\Debug\moc_add_concat.cpp">
      <Filter>Source Files</Filter>
    </ClCompile>
    <ClCompile Include="GeneratedFiles\Release\moc_add_concat.cpp">
      <Filter>Source Files</Filter>
    </ClCompile>
    <ClCompile Include="AudioRec.cpp">
      <Filter>Source Files</Filter>
    </ClCompile>
    <ClCompile Include="WaveIn.cpp">
      <Filter>Source Files</Filter>
    </ClCompile>
    <ClCompile Include="jrtp_send.cpp">
      <Filter>Source Files</Filter>
    </ClCompile>
    <ClCompile Include="GeneratedFiles\Debug\moc_jrtp_send.cpp">
      <Filter>Generated Files\Debug</Filter>
    </ClCompile>
    <ClCompile Include="GeneratedFiles\Release\moc_jrtp_send.cpp">
      <Filter>Generated Files\Release</Filter>
    </ClCompile>
    <ClCompile Include="jrtp_recv.cpp">
      <Filter>Source Files</Filter>
    </ClCompile>
    <ClCompile Include="GeneratedFiles\Debug\moc_jrtp_recv.cpp">
      <Filter>Generated Files\Debug</Filter>
    </ClCompile>
    <ClCompile Include="GeneratedFiles\Release\moc_jrtp_recv.cpp">
      <Filter>Generated Files\Release</Filter>
    </ClCompile>
    <ClCompile Include="AudioMgr_recv.cpp">
      <Filter>Source Files</Filter>
    </ClCompile>
    <ClCompile Include="AudioPlay.cpp">
      <Filter>Source Files</Filter>
    </ClCompile>
    <ClCompile Include="WaveOut.cpp">
      <Filter>Source Files</Filter>
    </ClCompile>
    <ClCompile Include="AudioMgr_send.cpp">
      <Filter>Source Files</Filter>
    </ClCompile>
    <ClCompile Include="global_header.cpp">
      <Filter>Source Files</Filter>
    </ClCompile>
    <ClCompile Include="GeneratedFiles\Debug\moc_global_header.cpp">
      <Filter>Generated Files\Debug</Filter>
    </ClCompile>
    <ClCompile Include="GeneratedFiles\Release\moc_global_header.cpp">
      <Filter>Generated Files\Release</Filter>
    </ClCompile>
    <ClCompile Include="listen_call_ui.cpp">
      <Filter>Source Files</Filter>
    </ClCompile>
    <ClCompile Include="GeneratedFiles\Debug\moc_listen_call_ui.cpp">
      <Filter>Generated Files\Debug</Filter>
    </ClCompile>
    <ClCompile Include="GeneratedFiles\Release\moc_listen_call_ui.cpp">
      <Filter>Generated Files\Release</Filter>
    </ClCompile>
  </ItemGroup>
  <ItemGroup>
    <CustomBuild Include="sip_client.h">
      <Filter>Header Files</Filter>
    </CustomBuild>
    <CustomBuild Include="sip_client.ui">
      <Filter>Form Files</Filter>
    </CustomBuild>
    <CustomBuild Include="sip_client.qrc">
      <Filter>Resource Files</Filter>
    </CustomBuild>
    <CustomBuild Include="register_dialog.h">
      <Filter>Header Files</Filter>
    </CustomBuild>
    <CustomBuild Include="register_dialog.ui">
      <Filter>Form Files</Filter>
    </CustomBuild>
    <CustomBuild Include="tool_widget.h">
      <Filter>Header Files</Filter>
    </CustomBuild>
    <CustomBuild Include="sip_network.h">
      <Filter>Header Files</Filter>
    </CustomBuild>
    <CustomBuild Include="callback.h">
      <Filter>Header Files</Filter>
    </CustomBuild>
    <CustomBuild Include="chat_intetface.h">
      <Filter>Header Files</Filter>
    </CustomBuild>
    <CustomBuild Include="chat_intetface.ui">
      <Filter>Form Files</Filter>
    </CustomBuild>
    <CustomBuild Include="widgetitem.h">
      <Filter>Header Files</Filter>
    </CustomBuild>
    <CustomBuild Include="widgetitem.ui">
      <Filter>Form Files</Filter>
    </CustomBuild>
    <CustomBuild Include="add_concat.h">
      <Filter>Header Files</Filter>
    </CustomBuild>
    <CustomBuild Include="add_concat.ui">
      <Filter>Form Files</Filter>
    </CustomBuild>
    <CustomBuild Include="jrtp_send.h">
      <Filter>Header Files</Filter>
    </CustomBuild>
    <CustomBuild Include="jrtp_recv.h">
      <Filter>Header Files</Filter>
    </CustomBuild>
    <CustomBuild Include="global_header.h">
      <Filter>Header Files</Filter>
    </CustomBuild>
    <CustomBuild Include="listen_call_ui.h">
      <Filter>Header Files</Filter>
    </CustomBuild>
    <CustomBuild Include="listen_call_ui.ui">
      <Filter>Form Files</Filter>
    </CustomBuild>
  </ItemGroup>
  <ItemGroup>
    <ClInclude Include="GeneratedFiles\ui_sip_client.h">
      <Filter>Generated Files</Filter>
    </ClInclude>
    <ClInclude Include="GeneratedFiles\ui_register_dialog.h">
      <Filter>Generated Files</Filter>
    </ClInclude>
    <ClInclude Include="GeneratedFiles\ui_chat_intetface.h">
      <Filter>Generated Files</Filter>
    </ClInclude>
    <ClInclude Include="GeneratedFiles\ui_widgetitem.h">
      <Filter>Generated Files</Filter>
    </ClInclude>
    <ClInclude Include="GeneratedFiles\ui_add_concat.h">
      <Filter>Header Files</Filter>
    </ClInclude>
    <ClInclude Include="AudioRec.h">
      <Filter>Header Files</Filter>
    </ClInclude>
    <ClInclude Include="WaveIn.h">
      <Filter>Header Files</Filter>
    </ClInclude>
    <ClInclude Include="标头.h">
      <Filter>Header Files</Filter>
    </ClInclude>
    <ClInclude Include="AudioMgr_recv.h">
      <Filter>Header Files</Filter>
    </ClInclude>
    <ClInclude Include="AudioPlay.h">
      <Filter>Header Files</Filter>
    </ClInclude>
    <ClInclude Include="WaveOut.h">
      <Filter>Header Files</Filter>
    </ClInclude>
    <ClInclude Include="AudioMgr_send.h">
      <Filter>Header Files</Filter>
    </ClInclude>
    <ClInclude Include="GeneratedFiles\ui_listen_call_ui.h">
      <Filter>Generated Files</Filter>
    </ClInclude>
  </ItemGroup>
</Project>